
Microsoft Visual Studio Solution File, Format Version 12.00
# Visual Studio Version 16
VisualStudioVersion = 16.0.30907.101
MinimumVisualStudioVersion = 10.0.40219.1
Project("{FAE04EC0-301F-11D3-BF4B-00C04F79EFBC}") = "TestGit", "TestGit\TestGit.csproj", "{A8DE4083-E495-42C5-BBE6-0C7D1B7A617B}"
EndProject
Global
	GlobalSection(SolutionConfigurationPlatforms) = preSolution
		Debug|Any CPU = Debug|Any CPU
		Release|Any CPU = Release|Any CPU
	EndGlobalSection
	GlobalSection(ProjectConfigurationPlatforms) = postSolution
		{A8DE4083-E495-42C5-BBE6-0C7D1B7A617B}.Debug|Any CPU.ActiveCfg = Debug|Any CPU
		{A8DE4083-E495-42C5-BBE6-0C7D1B7A617B}.Debug|Any CPU.Build.0 = Debug|Any CPU
		{A8DE4083-E495-42C5-BBE6-0C7D1B7A617B}.Release|Any CPU.ActiveCfg = Release|Any CPU
		{A8DE4083-E495-42C5-BBE6-0C7D1B7A617B}.Release|Any CPU.Build.0 = Release|Any CPU
	EndGlobalSection
	GlobalSection(SolutionProperties) = preSolution
		HideSolutionNode = FALSE
	EndGlobalSection
	GlobalSection(ExtensibilityGlobals) = postSolution
		SolutionGuid = {A1166BA7-645D-4C4D-A855-290C987D1B2E}
	EndGlobalSection
EndGlobal
